<?xml version="1.0" encoding="UTF-8" standalone="yes" ?>
<CodeBlocks_project_file>
	<FileVersion major="1" minor="6" />
	<Project>
		<Option title="ExTree" />
		<Option pch_mode="2" />
		<Option compiler="gcc" />
		<Build>
			<Target title="Debug">
				<Option output="bin/Debug/ExTree" prefix_auto="1" extension_auto="1" />
				<Option object_output="obj/Debug/" />
				<Option type="1" />
				<Option compiler="gcc" />
				<Compiler>
					<Add option="-g" />
				</Compiler>
			</Target>
			<Target title="Release">
				<Option output="bin/Release/ExTree" prefix_auto="1" extension_auto="1" />
				<Option object_output="obj/Release/" />
				<Option type="1" />
				<Option compiler="gcc" />
				<Compiler>
					<Add option="-O2" />
				</Compiler>
				<Linker>
					<Add option="-s" />
				</Linker>
			</Target>
		</Build>
		<Compiler>
			<Add option="-Wall" />
			<Add option="-fexceptions" />
		</Compiler>
		<Unit filename="libs/charlib.cpp" />
		<Unit filename="libs/charlib.h" />
		<Unit filename="libs/definitions.h" />
		<Unit filename="libs/expression_parser.cpp" />
		<Unit filename="libs/expression_parser.h" />
		<Unit filename="libs/gui.cpp" />
		<Unit filename="libs/gui.h">
			<Option compile="1" />
		</Unit>
		<Unit filename="libs/node.cpp" />
		<Unit filename="libs/node.h">
			<Option compile="1" />
		</Unit>
		<Unit filename="libs/queue.cpp" />
		<Unit filename="libs/queue.h">
			<Option compile="1" />
		</Unit>
		<Unit filename="libs/stack.cpp" />
		<Unit filename="libs/stack.h">
			<Option compile="1" />
		</Unit>
		<Unit filename="libs/tree.cpp" />
		<Unit filename="libs/tree.h">
			<Option compile="1" />
		</Unit>
		<Unit filename="libs/tree_queue.cpp" />
		<Unit filename="libs/tree_queue.h" />
		<Unit filename="libs/tree_stack.cpp" />
		<Unit filename="libs/tree_stack.h" />
		<Unit filename="main.cpp" />
		<Extensions>
			<code_completion />
			<envvars />
			<debugger />
		</Extensions>
	</Project>
</CodeBlocks_project_file>
